
Microsoft Visual Studio Solution File, Format Version 12.00
# Visual Studio 15
VisualStudioVersion = 15.0.26430.16
MinimumVisualStudioVersion = 10.0.40219.1
Project("{8BC9CEB8-8B4A-11D0-8D11-00A0C91BC942}") = "Engine", "Engine\Engine.vcxproj", "{BF37882E-6717-49C4-B8B2-1C13CE301343}"
EndProject
Project("{2150E333-8FDC-42A3-9474-1A3956D46DE8}") = "External", "External", "{3AE7A0C7-0519-44AD-B67D-C0760E561641}"
EndProject
Project("{2150E333-8FDC-42A3-9474-1A3956D46DE8}") = "Core", "Core", "{2F2234CC-FAE9-4A9D-9F07-B4B3171316E9}"
EndProject
Project("{8BC9CEB8-8B4A-11D0-8D11-00A0C91BC942}") = "DirectXTK_Desktop_2017", "External\DirectXTK\DirectXTK_Desktop_2017.vcxproj", "{CDE5A2F9-D904-4B88-B6CA-2964E9B5DBC4}"
EndProject
Project("{2150E333-8FDC-42A3-9474-1A3956D46DE8}") = "App", "App", "{B7EC6828-52BB-4427-B296-0A399650125F}"
EndProject
Project("{8BC9CEB8-8B4A-11D0-8D11-00A0C91BC942}") = "Fun", "Fun\Fun.vcxproj", "{10FAE5F7-A377-42EF-8F85-6D66FBD0B984}"
EndProject
Project("{8BC9CEB8-8B4A-11D0-8D11-00A0C91BC942}") = "Game", "Game\Game.vcxproj", "{AE15210C-49AA-45E5-8F4E-CB8D987DC984}"
EndProject
Project("{2150E333-8FDC-42A3-9474-1A3956D46DE8}") = "Tests", "Tests", "{23002910-1E67-4992-81F2-DF0A5EE8837F}"
EndProject
Project("{8BC9CEB8-8B4A-11D0-8D11-00A0C91BC942}") = "MemoryTest", "MemoryTest\MemoryTest.vcxproj", "{FD562D51-6193-4778-AEE7-A9AC48AE669F}"
EndProject
Project("{8BC9CEB8-8B4A-11D0-8D11-00A0C91BC942}") = "TinyXML", "External\TinyXML\TinyXML.vcxproj", "{F0CFFF50-94C6-418B-9109-8C0EE4C87270}"
EndProject
Global
	GlobalSection(SolutionConfigurationPlatforms) = preSolution
		Debug|Win32 = Debug|Win32
		Debug|x64 = Debug|x64
		Release|Win32 = Release|Win32
		Release|x64 = Release|x64
	EndGlobalSection
	GlobalSection(ProjectConfigurationPlatforms) = postSolution
		{BF37882E-6717-49C4-B8B2-1C13CE301343}.Debug|Win32.ActiveCfg = Debug|Win32
		{BF37882E-6717-49C4-B8B2-1C13CE301343}.Debug|Win32.Build.0 = Debug|Win32
		{BF37882E-6717-49C4-B8B2-1C13CE301343}.Debug|x64.ActiveCfg = Debug|Win32
		{BF37882E-6717-49C4-B8B2-1C13CE301343}.Release|Win32.ActiveCfg = Release|Win32
		{BF37882E-6717-49C4-B8B2-1C13CE301343}.Release|Win32.Build.0 = Release|Win32
		{BF37882E-6717-49C4-B8B2-1C13CE301343}.Release|x64.ActiveCfg = Release|Win32
		{CDE5A2F9-D904-4B88-B6CA-2964E9B5DBC4}.Debug|Win32.ActiveCfg = Debug|Win32
		{CDE5A2F9-D904-4B88-B6CA-2964E9B5DBC4}.Debug|Win32.Build.0 = Debug|Win32
		{CDE5A2F9-D904-4B88-B6CA-2964E9B5DBC4}.Debug|x64.ActiveCfg = Debug|x64
		{CDE5A2F9-D904-4B88-B6CA-2964E9B5DBC4}.Debug|x64.Build.0 = Debug|x64
		{CDE5A2F9-D904-4B88-B6CA-2964E9B5DBC4}.Release|Win32.ActiveCfg = Release|Win32
		{CDE5A2F9-D904-4B88-B6CA-2964E9B5DBC4}.Release|Win32.Build.0 = Release|Win32
		{CDE5A2F9-D904-4B88-B6CA-2964E9B5DBC4}.Release|x64.ActiveCfg = Release|x64
		{CDE5A2F9-D904-4B88-B6CA-2964E9B5DBC4}.Release|x64.Build.0 = Release|x64
		{10FAE5F7-A377-42EF-8F85-6D66FBD0B984}.Debug|Win32.ActiveCfg = Debug|Win32
		{10FAE5F7-A377-42EF-8F85-6D66FBD0B984}.Debug|Win32.Build.0 = Debug|Win32
		{10FAE5F7-A377-42EF-8F85-6D66FBD0B984}.Debug|x64.ActiveCfg = Debug|x64
		{10FAE5F7-A377-42EF-8F85-6D66FBD0B984}.Debug|x64.Build.0 = Debug|x64
		{10FAE5F7-A377-42EF-8F85-6D66FBD0B984}.Release|Win32.ActiveCfg = Release|Win32
		{10FAE5F7-A377-42EF-8F85-6D66FBD0B984}.Release|Win32.Build.0 = Release|Win32
		{10FAE5F7-A377-42EF-8F85-6D66FBD0B984}.Release|x64.ActiveCfg = Release|x64
		{10FAE5F7-A377-42EF-8F85-6D66FBD0B984}.Release|x64.Build.0 = Release|x64
		{AE15210C-49AA-45E5-8F4E-CB8D987DC984}.Debug|Win32.ActiveCfg = Debug|Win32
		{AE15210C-49AA-45E5-8F4E-CB8D987DC984}.Debug|Win32.Build.0 = Debug|Win32
		{AE15210C-49AA-45E5-8F4E-CB8D987DC984}.Debug|x64.ActiveCfg = Debug|x64
		{AE15210C-49AA-45E5-8F4E-CB8D987DC984}.Debug|x64.Build.0 = Debug|x64
		{AE15210C-49AA-45E5-8F4E-CB8D987DC984}.Release|Win32.ActiveCfg = Release|Win32
		{AE15210C-49AA-45E5-8F4E-CB8D987DC984}.Release|Win32.Build.0 = Release|Win32
		{AE15210C-49AA-45E5-8F4E-CB8D987DC984}.Release|x64.ActiveCfg = Release|x64
		{AE15210C-49AA-45E5-8F4E-CB8D987DC984}.Release|x64.Build.0 = Release|x64
		{FD562D51-6193-4778-AEE7-A9AC48AE669F}.Debug|Win32.ActiveCfg = Debug|Win32
		{FD562D51-6193-4778-AEE7-A9AC48AE669F}.Debug|Win32.Build.0 = Debug|Win32
		{FD562D51-6193-4778-AEE7-A9AC48AE669F}.Debug|x64.ActiveCfg = Debug|x64
		{FD562D51-6193-4778-AEE7-A9AC48AE669F}.Debug|x64.Build.0 = Debug|x64
		{FD562D51-6193-4778-AEE7-A9AC48AE669F}.Release|Win32.ActiveCfg = Release|Win32
		{FD562D51-6193-4778-AEE7-A9AC48AE669F}.Release|Win32.Build.0 = Release|Win32
		{FD562D51-6193-4778-AEE7-A9AC48AE669F}.Release|x64.ActiveCfg = Release|x64
		{FD562D51-6193-4778-AEE7-A9AC48AE669F}.Release|x64.Build.0 = Release|x64
		{F0CFFF50-94C6-418B-9109-8C0EE4C87270}.Debug|Win32.ActiveCfg = Debug|Win32
		{F0CFFF50-94C6-418B-9109-8C0EE4C87270}.Debug|Win32.Build.0 = Debug|Win32
		{F0CFFF50-94C6-418B-9109-8C0EE4C87270}.Debug|Win32.Deploy.0 = Debug|Win32
		{F0CFFF50-94C6-418B-9109-8C0EE4C87270}.Debug|x64.ActiveCfg = Debug|Win32
		{F0CFFF50-94C6-418B-9109-8C0EE4C87270}.Release|Win32.ActiveCfg = Release|Win32
		{F0CFFF50-94C6-418B-9109-8C0EE4C87270}.Release|Win32.Build.0 = Release|Win32
		{F0CFFF50-94C6-418B-9109-8C0EE4C87270}.Release|Win32.Deploy.0 = Release|Win32
		{F0CFFF50-94C6-418B-9109-8C0EE4C87270}.Release|x64.ActiveCfg = Release|Win32
	EndGlobalSection
	GlobalSection(SolutionProperties) = preSolution
		HideSolutionNode = FALSE
	EndGlobalSection
	GlobalSection(NestedProjects) = preSolution
		{BF37882E-6717-49C4-B8B2-1C13CE301343} = {2F2234CC-FAE9-4A9D-9F07-B4B3171316E9}
		{CDE5A2F9-D904-4B88-B6CA-2964E9B5DBC4} = {3AE7A0C7-0519-44AD-B67D-C0760E561641}
		{10FAE5F7-A377-42EF-8F85-6D66FBD0B984} = {B7EC6828-52BB-4427-B296-0A399650125F}
		{AE15210C-49AA-45E5-8F4E-CB8D987DC984} = {B7EC6828-52BB-4427-B296-0A399650125F}
		{FD562D51-6193-4778-AEE7-A9AC48AE669F} = {23002910-1E67-4992-81F2-DF0A5EE8837F}
		{F0CFFF50-94C6-418B-9109-8C0EE4C87270} = {3AE7A0C7-0519-44AD-B67D-C0760E561641}
	EndGlobalSection
EndGlobal
